<?xml version="1.0" encoding="utf-8"?>
<Project ToolsVersion="4.0" xmlns="http://schemas.microsoft.com/developer/msbuild/2003">
  <ItemGroup>
    <Filter Include="소스 파일">
      <UniqueIdentifier>{4FC737F1-C7A5-4376-A066-2A32D752A2FF}</UniqueIdentifier>
      <Extensions>cpp;c;cc;cxx;c++;cppm;ixx;def;odl;idl;hpj;bat;asm;asmx</Extensions>
    </Filter>
    <Filter Include="헤더 파일">
      <UniqueIdentifier>{93995380-89BD-4b04-88EB-625FBE52EBFB}</UniqueIdentifier>
      <Extensions>h;hh;hpp;hxx;h++;hm;inl;inc;ipp;xsd</Extensions>
    </Filter>
    <Filter Include="리소스 파일">
      <UniqueIdentifier>{67DA6AB6-F800-4c08-8B7A-83BB121AAD01}</UniqueIdentifier>
      <Extensions>rc;ico;cur;bmp;dlg;rc2;rct;bin;rgs;gif;jpg;jpeg;jpe;resx;tiff;tif;png;wav;mfcribbon-ms</Extensions>
    </Filter>
  </ItemGroup>
  <ItemGroup>
    <ClCompile Include="ex01.cpp">
      <Filter>소스 파일</Filter>
    </ClCompile>
    <ClCompile Include="ex02.cpp">
      <Filter>소스 파일</Filter>
    </ClCompile>
    <ClCompile Include="ex03.cpp">
      <Filter>소스 파일</Filter>
    </ClCompile>
    <ClCompile Include="ex04.cpp">
      <Filter>소스 파일</Filter>
    </ClCompile>
    <ClCompile Include="ex05.cpp">
      <Filter>소스 파일</Filter>
    </ClCompile>
    <ClCompile Include="ex06.cpp">
      <Filter>소스 파일</Filter>
    </ClCompile>
    <ClCompile Include="ex07.cpp">
      <Filter>소스 파일</Filter>
    </ClCompile>
    <ClCompile Include="ex08.cpp">
      <Filter>소스 파일</Filter>
    </ClCompile>
    <ClCompile Include="ex09.cpp">
      <Filter>소스 파일</Filter>
    </ClCompile>
    <ClCompile Include="ex10.cpp">
      <Filter>소스 파일</Filter>
    </ClCompile>
    <ClCompile Include="ex11.cpp">
      <Filter>소스 파일</Filter>
    </ClCompile>
    <ClCompile Include="ex12.cpp">
      <Filter>소스 파일</Filter>
    </ClCompile>
    <ClCompile Include="ex13.cpp">
      <Filter>소스 파일</Filter>
    </ClCompile>
    <ClCompile Include="ex13-1.cpp">
      <Filter>소스 파일</Filter>
    </ClCompile>
    <ClCompile Include="ex13-2.cpp">
      <Filter>소스 파일</Filter>
    </ClCompile>
    <ClCompile Include="ex14.cpp">
      <Filter>소스 파일</Filter>
    </ClCompile>
    <ClCompile Include="ex15.cpp">
      <Filter>소스 파일</Filter>
    </ClCompile>
    <ClCompile Include="ex16.cpp">
      <Filter>소스 파일</Filter>
    </ClCompile>
    <ClCompile Include="ex17.cpp">
      <Filter>소스 파일</Filter>
    </ClCompile>
    <ClCompile Include="ex18.cpp">
      <Filter>소스 파일</Filter>
    </ClCompile>
    <ClCompile Include="ex19.cpp">
      <Filter>소스 파일</Filter>
    </ClCompile>
    <ClCompile Include="ex20.cpp">
      <Filter>소스 파일</Filter>
    </ClCompile>
    <ClCompile Include="ex21.cpp">
      <Filter>소스 파일</Filter>
    </ClCompile>
    <ClCompile Include="ex22.cpp">
      <Filter>소스 파일</Filter>
    </ClCompile>
    <ClCompile Include="ex23.cpp">
      <Filter>소스 파일</Filter>
    </ClCompile>
    <ClCompile Include="ex24.cpp">
      <Filter>소스 파일</Filter>
    </ClCompile>
    <ClCompile Include="ex25.cpp">
      <Filter>소스 파일</Filter>
    </ClCompile>
    <ClCompile Include="ex26.cpp">
      <Filter>소스 파일</Filter>
    </ClCompile>
    <ClCompile Include="ex27.cpp">
      <Filter>소스 파일</Filter>
    </ClCompile>
    <ClCompile Include="ex29.cpp">
      <Filter>소스 파일</Filter>
    </ClCompile>
    <ClCompile Include="ex30.cpp">
      <Filter>소스 파일</Filter>
    </ClCompile>
    <ClCompile Include="ex31.cpp">
      <Filter>소스 파일</Filter>
    </ClCompile>
    <ClCompile Include="ex32.cpp">
      <Filter>소스 파일</Filter>
    </ClCompile>
    <ClCompile Include="ex33.cpp">
      <Filter>소스 파일</Filter>
    </ClCompile>
    <ClCompile Include="ex34.cpp">
      <Filter>소스 파일</Filter>
    </ClCompile>
    <ClCompile Include="ex35.cpp">
      <Filter>소스 파일</Filter>
    </ClCompile>
    <ClCompile Include="ex36.cpp">
      <Filter>소스 파일</Filter>
    </ClCompile>
    <ClCompile Include="ex37.cpp">
      <Filter>소스 파일</Filter>
    </ClCompile>
    <ClCompile Include="ex38.cpp">
      <Filter>소스 파일</Filter>
    </ClCompile>
    <ClCompile Include="ex39.cpp">
      <Filter>소스 파일</Filter>
    </ClCompile>
    <ClCompile Include="ex40.cpp">
      <Filter>소스 파일</Filter>
    </ClCompile>
    <ClCompile Include="ex41.cpp">
      <Filter>소스 파일</Filter>
    </ClCompile>
    <ClCompile Include="ex42.cpp">
      <Filter>소스 파일</Filter>
    </ClCompile>
    <ClCompile Include="ex43.cpp">
      <Filter>소스 파일</Filter>
    </ClCompile>
    <ClCompile Include="ex44.cpp">
      <Filter>소스 파일</Filter>
    </ClCompile>
    <ClCompile Include="ex45.cpp">
      <Filter>소스 파일</Filter>
    </ClCompile>
    <ClCompile Include="ex46.cpp">
      <Filter>소스 파일</Filter>
    </ClCompile>
    <ClCompile Include="ex47.cpp">
      <Filter>소스 파일</Filter>
    </ClCompile>
    <ClCompile Include="ex48.cpp">
      <Filter>소스 파일</Filter>
    </ClCompile>
    <ClCompile Include="ex49.cpp">
      <Filter>소스 파일</Filter>
    </ClCompile>
    <ClCompile Include="ex50.cpp">
      <Filter>소스 파일</Filter>
    </ClCompile>
    <ClCompile Include="ex51.cpp">
      <Filter>소스 파일</Filter>
    </ClCompile>
    <ClCompile Include="ex52.cpp">
      <Filter>소스 파일</Filter>
    </ClCompile>
    <ClCompile Include="ex53.cpp">
      <Filter>소스 파일</Filter>
    </ClCompile>
    <ClCompile Include="ex54.cpp">
      <Filter>소스 파일</Filter>
    </ClCompile>
    <ClCompile Include="ex55.cpp">
      <Filter>소스 파일</Filter>
    </ClCompile>
    <ClCompile Include="ex56.cpp">
      <Filter>소스 파일</Filter>
    </ClCompile>
    <ClCompile Include="ex57.cpp">
      <Filter>소스 파일</Filter>
    </ClCompile>
    <ClCompile Include="ex58.cpp">
      <Filter>소스 파일</Filter>
    </ClCompile>
    <ClCompile Include="ex59.cpp">
      <Filter>소스 파일</Filter>
    </ClCompile>
    <ClCompile Include="ex60.cpp">
      <Filter>소스 파일</Filter>
    </ClCompile>
    <ClCompile Include="ex61.cpp">
      <Filter>소스 파일</Filter>
    </ClCompile>
    <ClCompile Include="ex62.cpp">
      <Filter>소스 파일</Filter>
    </ClCompile>
    <ClCompile Include="ex63.cpp">
      <Filter>소스 파일</Filter>
    </ClCompile>
    <ClCompile Include="ex64.cpp">
      <Filter>소스 파일</Filter>
    </ClCompile>
    <ClCompile Include="ex65.cpp">
      <Filter>소스 파일</Filter>
    </ClCompile>
    <ClCompile Include="ex66.cpp">
      <Filter>소스 파일</Filter>
    </ClCompile>
    <ClCompile Include="ex67.cpp">
      <Filter>소스 파일</Filter>
    </ClCompile>
    <ClCompile Include="ex69.cpp">
      <Filter>소스 파일</Filter>
    </ClCompile>
  </ItemGroup>
  <ItemGroup>
    <Text Include="input.txt">
      <Filter>소스 파일</Filter>
    </Text>
    <Text Include="output.txt">
      <Filter>소스 파일</Filter>
    </Text>
  </ItemGroup>
</Project>